
Microsoft Visual Studio Solution File, Format Version 12.00
# Visual Studio Version 17
VisualStudioVersion = 17.0.31903.59
MinimumVisualStudioVersion = 10.0.40219.1
Project("{FAE04EC0-301F-11D3-BF4B-00C04F79EFBC}") = "XlsTransFormationApps", "XlsTransFormationApps\XlsTransFormationApps.csproj", "{AC19C9A7-C7B3-4189-BAF0-E2366B562D3D}"
EndProject
Global
	GlobalSection(SolutionConfigurationPlatforms) = preSolution
		Debug|Any CPU = Debug|Any CPU
		Release|Any CPU = Release|Any CPU
	EndGlobalSection
	GlobalSection(ProjectConfigurationPlatforms) = postSolution
		{AC19C9A7-C7B3-4189-BAF0-E2366B562D3D}.Debug|Any CPU.ActiveCfg = Debug|Any CPU
		{AC19C9A7-C7B3-4189-BAF0-E2366B562D3D}.Debug|Any CPU.Build.0 = Debug|Any CPU
		{AC19C9A7-C7B3-4189-BAF0-E2366B562D3D}.Release|Any CPU.ActiveCfg = Release|Any CPU
		{AC19C9A7-C7B3-4189-BAF0-E2366B562D3D}.Release|Any CPU.Build.0 = Release|Any CPU
	EndGlobalSection
	GlobalSection(SolutionProperties) = preSolution
		HideSolutionNode = FALSE
	EndGlobalSection
	GlobalSection(ExtensibilityGlobals) = postSolution
		SolutionGuid = {2CB17947-8726-4A83-B67D-8BF37BD2C7CF}
	EndGlobalSection
EndGlobal
